pack:
  format: agent-plugin
  target: minimal
  packed_at: '1970-01-01T00:00:00+00:00'
  bundle_files:
    mcp.json: 1788697eb2d3aa1caa8da59a62331a92529e24885f0e7151418f915000fbf7fd
    plugin.json: 97eeccf54567d5d75375b0efec95569c8cbaa47d5a0a50c9798691bfb34ea4ae
    skills/architect/SKILL.md: ee26edd47e5623136a3730a6adbed7ec0d7b8b93a8c3e60b7520dced67c98b4e
    skills/architect/references/design-package.md: cc3d7f6b5e7c8337accb7001cb5f00f5af299fcfdde381c4a7ef1602c8579b20
    skills/architect/references/design-review.md: 92fc59ee779bf8eba7c0e23528b1231b42ce717471804951a9ba25a02d0d6d76
    skills/arena/SKILL.md: 5b28e56be5e22f8974afd13d6a3b6fa044a28ac2b1760a7023e28c256ad7d871
    skills/arena/references/candidate-prompt.md: 0edae57f4e284229602ea0cb15fdb20d99ab2ff416a6c7db87d07fb26cab2929
    skills/arena/references/decision-record.md: 34faed84f50854dff66c4a849d60de98a803ea9377902d3bd8a26047968b9668
    skills/arena/references/judge-prompt.md: e45e1a20d10998e6cbbdbaad8cb8ce400e675547ed8f9cef741f23e52da7ab95
    skills/automate-me/SKILL.md: 43555f14ea5071432a78e479b457fbebdc17538ece47e1aaf2a0d1f67b0ee9cd
    skills/blast-radius/SKILL.md: ddd2d675d96bd8b7448755f2149af0fb95d7b9d04bf8e6ae6c5d96f85519abbb
    skills/bro/SKILL.md: dee28a5abccd9f7d9876f567b0d9878b615f421ede84401b626841456964031a
    skills/configure-models/SKILL.md: 9fbbfcf36a3e5dd891d6d51ab59d2401a1fcee741227574961c71925f59d8572
    skills/create-verification-skill/SKILL.md: f7df6ae67753b62658b2d760eea7ccea2cdbcae60794257657bb4d9d4e419c81
    skills/create-verification-skill/references/feature-map-example/README.md: abbf1d80e2ed3a23b13da475253752159e58ce7c762ca2bdf781f8c1d11ed1b7
    skills/create-verification-skill/references/feature-map-example/create-note.md: 8e3bf8c952ac0404aa346b5fae46bf549a4721f241cd0323157cfc3c4268e09b
    skills/create-verification-skill/references/feature-map-example/search.md: d687ea2e47a6c6e46f1a4de67c8c87bdcf5fee94bc02d6acd308092689c94568
    skills/deslop/SKILL.md: f45b372ee4018501b54c13d1f1d95abbe3e3e3a53c8985bbf44a0b5eee060a09
    skills/figure-it-out/SKILL.md: bec3a803bb46fa570e18c7de8581da80c4b31e51c83831762934132b9bb71d7c
    skills/how/SKILL.md: baed06debe9d7ff45fcd61b8b9552f6ac1686163ac0f5f3fc2c43723c57c3ad7
    skills/how/references/explorer-prompt.md: 0111f97b03af41448efc13735ddce2aeee6ca1b418ee5caebd13561f7f475e34
    skills/how/references/synthesizer-prompt.md: 424bb71c423379e5e6234fce59b8e581c99387bd64fadfd4e5dbfb1a6d913ba2
    skills/interrogate/SKILL.md: b52ec5fbabddc749eb124417b30c2d9900379de6b27d072d04aa54b5719d439e
    skills/interrogate/references/lead-judgment.md: bb6d0d29688826f5ecdc33c13665f2ad0c79e3fffdb6484e0429f09b9b491f8e
    skills/interrogate/references/reviewer-prompt.md: 2aa7fc76d062863bf52930eb361c63e8d58cb4bdaabadc544f66d33dc0c71dc2
    skills/interrogate/references/rubric.md: 4a65ffebb67865576cceff8c4d0a781dbc4bef373a94f96885d90dd2a7df52d5
    skills/lachie-mode/SKILL.md: 7ff0031dd4af7468cb9835ed4ed8963881008df405d8c99e6cfe947282828128
    skills/maintain-verification-skill/SKILL.md: f5e420142e5fb749e85b588b44a76ba7ec3ea0b18927ae3d4b41527c5fb06a11
    skills/no-comments/SKILL.md: b1a646358359df34b9ba44d3ebf9cf9fdb0d68bf9929b81f01b3f10a82a947e9
    skills/no-comments/references/comment-reviewer.md: d654dbd78804ab126be6011a4485a39a19e37f08bdd06b136c6a0456fc8e4783
    skills/principle-attack-the-premise/SKILL.md: a618efbb363ab6755a565ffb78755aebf2abe820f5728efd05e171c25a88ee95
    skills/principle-boundary-discipline/SKILL.md: 45f11c72161b6ec0d9af908a551efd7ecd5da9cfe7935088911f3f60a34e4760
    skills/principle-build-the-lever/SKILL.md: 1b3c33b149471286752d58161460b67e719bd7670b4e5e2578fe0570f3761190
    skills/principle-encode-lessons-in-structure/SKILL.md: a2562201b1a4d33acb3fd4d64fe4bd4352dffe5154a43f8675e6926c039fbf6f
    skills/principle-exhaust-the-design-space/SKILL.md: a9ae9e7634e2bf0d2042604d13ba11162bb485457174f0df7204cba1c6542f7a
    skills/principle-experience-first/SKILL.md: cf38c4a511f2ef3216c3e7f3c87eafdda4d859e5dfcf26986565a87d76140247
    skills/principle-finish-the-migration/SKILL.md: ec1f8f97e4ac92458657f4f809ef518077b465ae620666e5af168576baba82ed
    skills/principle-fix-the-latent-issue/SKILL.md: 8f702372001836285a53e340e18060eaba3fe52922782dbf569ca3202ffa828c
    skills/principle-guard-the-context-window/SKILL.md: 667351906b6804ec89bbb3fd72649f1a5c8c93747859b7b43f5be401b7fb215f
    skills/principle-make-operations-idempotent/SKILL.md: 8fc30c4a783762633988921d39084f59a02804152b550f59aac624138e1dbf7c
    skills/principle-minimize-reader-load/SKILL.md: 6b981a2eb5ff6005be2ce770b2e871015f518287b6b447e297614f37a2db3223
    skills/principle-minimum-necessary-complexity/SKILL.md: 4650bfc2c6addc300b4f05ce38e37c8cef34e66440e4e99e433657930e023720
    skills/principle-model-the-domain/SKILL.md: f4a5a4f22ead9596a521864b191cd08b558918124f91a3ae035fb2cbc80a40d7
    skills/principle-never-block-on-the-human/SKILL.md: 18db4e33f9a9f486f31648f0afa1c6ee668c4b69083dadfc88eabb63ecc75677
    skills/principle-prove-it-works/SKILL.md: 81ec1059bcc162a6ab63bc82931940b58b95a14009611d3827b04976e5943058
    skills/principle-redesign-from-first-principles/SKILL.md: 56a349fa0fac0078aba3712d4464025423ffdd55f88433bd91a2389d00926947
    skills/principle-separate-before-serializing-shared-state/SKILL.md: 86069b642a3de9dad053d837da0d7fb86f3db85b24ca4943edf6e1fbd270780d
    skills/principle-structure-by-ownership/SKILL.md: b9346ca918d3e7424831824c2802bdce1b4c95cbce1b539175b6c9dc93338dd3
    skills/principle-subtract-before-you-add/SKILL.md: 7af2e02ce4dad80bed2f5a376b7b6da4b2fdeb7e2c8a5283526bac43a93e3814
    skills/principle-test-behavior-not-implementation/SKILL.md: bb3dec12f636578ff679316ab6d2a424ced6abf72d6128fe6b07479a3b759016
    skills/principle-type-system-discipline/SKILL.md: 83934493521d8d49359083e2cb4be51d01f39d0dea78ca506b0e72a9e685dae4
    skills/principle-verifiable-units-of-work/SKILL.md: 3b39277e02c46aa57f6ea8545e58c89c06e797e1b81b54767eebca8558382b49
    skills/recall/SKILL.md: 29e06d4da398530b9c12bf9315db5a4a4f533e262e7243f239496bcc29ca3857
    skills/reflect/SKILL.md: eb47023a08f6be05fceb1560326c3ae67a6a938b032e1ec933b1a892fb27201a
    skills/reflect/references/divergent-reviewer.md: 0bfb2109b00d1c0b1f983731cca7aaf07a8e5bc3c274bd97d10ec3f54b8565bd
    skills/reflect/references/judgment-reviewer.md: 831e8f9ac239fc20451a49b8901eb698a72469a7ba70dce3d5c6cc792af61281
    skills/reflect/references/synthesizer.md: 06cd12402e67ff33d615602b198a11be175dd675e420a7f39e9873675f2f0110
    skills/reflect/references/tooling-reviewer.md: f08a098ec8635374b56af5f0055fd00a1aaf81ed727f382c39d643d2f5eebea0
    skills/shipit/SKILL.md: 7968e9d903733468396e9870572fc4c613f1ccec28e9387a0b62d196719ec5d1
    skills/show-me-your-work/SKILL.md: 67598cd5e5f3670e78a0ee55fdc18807457b7ada00a5e9cec728263bb5d71de9
    skills/show-me-your-work/references/decision-log-template.tsv: 6779378006a2f5225e8c06deb84f1d913fb532041ebbb6e50d94600bfe3f4b76
    skills/show-me-your-work/scripts/log.sh: ccee5352bc909a897dc372280847350827670e413e90ef0ba025b1cc049976a6
    skills/swarm/SKILL.md: 7a8aafd804eeefa20e559d9d5be99763f3039ca6f2229165b1ea98d2d9716376
    skills/swarm/references/worker-brief.md: 1e309bce11d3feb3b5e0e575744857997dbe10120669cfa150324cd0682b5e11
    skills/tdd/SKILL.md: 3a45e3146aa59da32127e66bec94c067ff2cdf4859d85fec7c1edf778b8719da
    skills/teach/SKILL.md: be367fa987355dbab250073c64d364d2680ef25a1335a70cbab7d5ba4d4dac01
    skills/technical-writing/SKILL.md: 2b325b491ffd2575519b5649e48890473f99a2834908debca142e9927ba324a8
    skills/technical-writing/references/controlled-language.md: 9fdfe9cba0bc9dc32040c04dfaa0b66d87ac0bf7f418a81fad865187ae0a57ec
    skills/technical-writing/references/developer-style.md: f5992f02454da4b1a74d83562620c10dec8e5775b002808545c50ff4d51c0f11
    skills/technical-writing/references/document-modes.md: 2e9600bdb57aee3ca07a14531f6636e75c104e16575f931be5996cb3e9dcba57
    skills/technical-writing/references/pull-requests.md: d22d7684a6a6d1f5d1fd503d3226bc6affad626191ad425aeaf604bbbcb76a69
    skills/typescript-best-practices/SKILL.md: 5ddd519e6faeeeb3e17aba10bfa43f1cd209707edcc71d6d41937768f9b8f868
    skills/typescript-best-practices/references/patterns.md: ba14e04e397a8b3383455ff750cf945d5e735493ca75350aa1c98da5b9f06289
    skills/unslop/SKILL.md: acce90b77bd78253122504ccaee0a707864bd33891b040e335e3490ac6d31dd4
    skills/unslop/references/lachie-voice.md: 8bce6e5f0bb7dd8c5ff1447ee3ab6ca3221481f1cdd1dcc26c3e386205ffc0ef
    skills/unslop/references/patterns.md: 99028df6c2dd0bb9230891e05b46951d940dfb18b15fe658cf2d5236e0027269
    skills/unslop/references/punctuation.md: b8cf621000cf436f3cdebe72ccceddca5fd4ee81292272f8bc9d0c3de6d63a58
    skills/unslop/references/word-choice.md: af7dedf23c9814c42e40b2d9b396d52a762c58a42cc789e21ab425165b50ee30
    skills/why/SKILL.md: d97016c52ecb2a238b2c1d8294c69c0f36a9e036a57c0ca84eb9a66ade22be8c
    skills/why/references/evidence.md: 04da25a7387f11d504d0404626f645fa0504d6879d446af605c3432e0c298bfc
    skills/why/references/investigator-prompt.md: ad7d9e8e103c4c1fadd708b72306036a5105006a430f32d36fa5749b109abf00
    skills/why/references/sources.md: 92615bf74dae7f2e296a640b46f9ab35d74025e617f00b4eab4acec116bc49ef
    skills/why/references/synthesizer-prompt.md: 378922d056d704b3946bf3d10290a92c75760da4f4cea2a57152bbe9c6f51538
lockfile_version: '1'
apm_version: 0.30.0
dependencies: []
deployments: []
